{
  "name": "flowviant",
  "version": "0.102.3",
  "lockfileVersion": 3,
  "requires": true,
  "packages": {
    "": {
      "name": "flowviant",
      "version": "0.102.3",
      "license": "MIT",
      "dependencies": {
        "libsodium-wrappers-sumo": "^0.8.4",
        "ws": "^8.18.0"
      },
      "bin": {
        "flowviant": "bin/cli.mjs"
      },
      "engines": {
        "node": ">=20"
      }
    },
    "node_modules/libsodium-sumo": {
      "version": "0.8.4",
      "resolved": "https://registry.npmjs.org/libsodium-sumo/-/libsodium-sumo-0.8.4.tgz",
      "integrity": "sha512-TMtHShQfVVsaxDygyapvUC3o7YsPgXa/hRWeIgzyFz6w5k/1hirGptCxp1U7XwW3rCskaTTYKgV10v86UiGgNw==",
      "license": "ISC"
    },
    "node_modules/libsodium-wrappers-sumo": {
      "version": "0.8.4",
      "resolved": "https://registry.npmjs.org/libsodium-wrappers-sumo/-/libsodium-wrappers-sumo-0.8.4.tgz",
      "integrity": "sha512-ql7hcgulKZ3ekfa2DGAogcCKsWU0diA/0nArz1CFzh93WQdb46/Kj18ka/Hifq6uA3Ush34Pc6vU/6HXeRwUkg==",
      "license": "ISC",
      "dependencies": {
        "libsodium-sumo": "^0.8.0"
      }
    },
    "node_modules/ws": {
      "version": "8.21.1",
      "resolved": "https://registry.npmjs.org/ws/-/ws-8.21.1.tgz",
      "integrity": "sha512-+0NTnW77fFN/DjQi6k/Sq/Yvk4Sgajw7urW8V+asjXnRgDs9gyGkdb7EzgfhA4goXsRIZKE28fzIXBHEzhuiWw==",
      "license": "MIT",
      "engines": {
        "node": ">=10.0.0"
      },
      "peerDependencies": {
        "bufferutil": "^4.0.1",
        "utf-8-validate": ">=5.0.2"
      },
      "peerDependenciesMeta": {
        "bufferutil": {
          "optional": true
        },
        "utf-8-validate": {
          "optional": true
        }
      }
    }
  }
}
